
Microsoft Visual Studio Solution File, Format Version 12.00
# Visual Studio Version 16
VisualStudioVersion = 16.0.31424.327
MinimumVisualStudioVersion = 10.0.40219.1
Project("{2150E333-8FDC-42A3-9474-1A3956D46DE8}") = "BuildingBlocks", "BuildingBlocks", "{59050F80-A4D3-471C-AFB2-65B475B2608D}"
EndProject
Project("{2150E333-8FDC-42A3-9474-1A3956D46DE8}") = "Service", "Service", "{A07FE53E-02AD-413A-8FDA-6319536EA443}"
EndProject
Project("{2150E333-8FDC-42A3-9474-1A3956D46DE8}") = "WebApp", "WebApp", "{76DE272D-BB1C-4BEC-BC60-688CA1261387}"
EndProject
Project("{2150E333-8FDC-42A3-9474-1A3956D46DE8}") = "Authentication", "Authentication", "{685C5DCF-878D-433B-ACB3-72DBBAB0B943}"
EndProject
Project("{9A19103F-16F7-4668-BE54-9A1E7A4F7556}") = "KSE.Authentication", "src\Services\Authentication\KSE.Authentication\KSE.Authentication.csproj", "{30340D69-651F-43A1-8E85-143B1FD98782}"
EndProject
Project("{2150E333-8FDC-42A3-9474-1A3956D46DE8}") = "MVC", "MVC", "{F88D7B92-8D17-448C-9D27-AE60A0077711}"
EndProject
Project("{9A19103F-16F7-4668-BE54-9A1E7A4F7556}") = "KSE.WebAppMvc", "src\Web\MVC\KSE.WebAppMvc\KSE.WebAppMvc.csproj", "{7E3A1F4F-C2C8-47B3-9EC2-79607F7A50B4}"
EndProject
Project("{2150E333-8FDC-42A3-9474-1A3956D46DE8}") = "Core", "Core", "{2E5AF0D9-08E1-4068-BD1E-D3D6F34F8F62}"
EndProject
Project("{9A19103F-16F7-4668-BE54-9A1E7A4F7556}") = "KSE.Core", "src\BuildingBlocks\Core\KSE.Core\KSE.Core.csproj", "{74A9A9CC-FE50-4188-B543-59CF60F6A806}"
EndProject
Project("{2150E333-8FDC-42A3-9474-1A3956D46DE8}") = "Client", "Client", "{C9325D5F-3B72-4024-B52B-26DED9C71885}"
EndProject
Project("{2150E333-8FDC-42A3-9474-1A3956D46DE8}") = "Catalog", "Catalog", "{9DAC9626-83C9-4C7E-BCCB-262B5B91E758}"
EndProject
Project("{2150E333-8FDC-42A3-9474-1A3956D46DE8}") = "Payment", "Payment", "{45FBC830-CE83-4A99-A22C-BF6FD55F08AB}"
EndProject
Project("{2150E333-8FDC-42A3-9474-1A3956D46DE8}") = "Order", "Order", "{C0E7ACD6-6091-45E0-BFEE-2947C6D8E84C}"
EndProject
Project("{2150E333-8FDC-42A3-9474-1A3956D46DE8}") = "Cart", "Cart", "{08287166-307B-473C-8EC5-D45B95B198BE}"
EndProject
Project("{9A19103F-16F7-4668-BE54-9A1E7A4F7556}") = "KSE.Catalog", "src\Services\Catalog\KSE.Catalog\KSE.Catalog.csproj", "{2FBD99EB-E80B-405F-8DC0-E8987054B31F}"
EndProject
Project("{9A19103F-16F7-4668-BE54-9A1E7A4F7556}") = "KSE.Client", "src\Services\Client\KSE.Client\KSE.Client.csproj", "{65587F8E-A021-4562-92CE-18C056B99CBB}"
EndProject
Project("{9A19103F-16F7-4668-BE54-9A1E7A4F7556}") = "KSE.Order", "src\Services\Order\KSE.Order\KSE.Order.csproj", "{C72EE70E-C444-4610-A9C7-FA35E0E99740}"
EndProject
Project("{9A19103F-16F7-4668-BE54-9A1E7A4F7556}") = "KSE.Payment", "src\Services\Payment\KSE.Payment\KSE.Payment.csproj", "{57EED39E-ABEE-40ED-B373-073F67050EC2}"
EndProject
Project("{2150E333-8FDC-42A3-9474-1A3956D46DE8}") = "Services", "Services", "{25415848-1735-4E70-8E6D-563B53FFE149}"
EndProject
Project("{9A19103F-16F7-4668-BE54-9A1E7A4F7556}") = "KSE.WebApi.Core", "src\BuildingBlocks\KSE.WebApi.Core\KSE.WebApi.Core.csproj", "{58ADCA58-AC47-4CD7-9DB3-5A33D0C0512E}"
EndProject
Project("{2150E333-8FDC-42A3-9474-1A3956D46DE8}") = "MessageBus", "MessageBus", "{25299755-D792-4006-8321-26C6D7A713B1}"
EndProject
Project("{9A19103F-16F7-4668-BE54-9A1E7A4F7556}") = "KSE.MessageBus", "src\BuildingBlocks\MessageBus\KSE.MessageBus\KSE.MessageBus.csproj", "{104CF170-CC0E-4B1E-AE24-27FBEB2D42E3}"
EndProject
Project("{9A19103F-16F7-4668-BE54-9A1E7A4F7556}") = "KSE.Cart", "src\Services\Cart\KSE.Cart\KSE.Cart\KSE.Cart.csproj", "{261596F9-409C-4950-80CC-47A2D7AEA6EC}"
EndProject
Project("{2150E333-8FDC-42A3-9474-1A3956D46DE8}") = "ApiGateway", "ApiGateway", "{49B86D7B-08DC-4FA0-98EE-AEBB482A29FA}"
EndProject
Project("{2150E333-8FDC-42A3-9474-1A3956D46DE8}") = "GatewayPurchase", "GatewayPurchase", "{083158D5-50AA-43F5-821F-511AA6F3383B}"
EndProject
Project("{FAE04EC0-301F-11D3-BF4B-00C04F79EFBC}") = "KSE.Gateway.Purchase", "src\Api Gateway\KSE.Gateway.Purchases\KSE.Gateway.Purchase\KSE.Gateway.Purchase.csproj", "{2A9088E4-B3C9-4612-8E71-A8530C98B8F2}"
EndProject
Project("{FAE04EC0-301F-11D3-BF4B-00C04F79EFBC}") = "KSE.Order.Domain", "src\Services\Order\KSE.Order.Domain\KSE.Order.Domain.csproj", "{2FB66FCA-0A48-4494-B82C-8CAE5F6DD1B6}"
EndProject
Project("{FAE04EC0-301F-11D3-BF4B-00C04F79EFBC}") = "KSE.Order.Infrastructure", "src\Services\Order\KSE.Order.Infrastructure\KSE.Order.Infrastructure.csproj", "{5B45989A-ED67-43BA-8015-D914838D3CA7}"
EndProject
Global
	GlobalSection(SolutionConfigurationPlatforms) = preSolution
		Debug|Any CPU = Debug|Any CPU
		Release|Any CPU = Release|Any CPU
	EndGlobalSection
	GlobalSection(ProjectConfigurationPlatforms) = postSolution
		{30340D69-651F-43A1-8E85-143B1FD98782}.Debug|Any CPU.ActiveCfg = Debug|Any CPU
		{30340D69-651F-43A1-8E85-143B1FD98782}.Debug|Any CPU.Build.0 = Debug|Any CPU
		{30340D69-651F-43A1-8E85-143B1FD98782}.Release|Any CPU.ActiveCfg = Release|Any CPU
		{30340D69-651F-43A1-8E85-143B1FD98782}.Release|Any CPU.Build.0 = Release|Any CPU
		{7E3A1F4F-C2C8-47B3-9EC2-79607F7A50B4}.Debug|Any CPU.ActiveCfg = Debug|Any CPU
		{7E3A1F4F-C2C8-47B3-9EC2-79607F7A50B4}.Debug|Any CPU.Build.0 = Debug|Any CPU
		{7E3A1F4F-C2C8-47B3-9EC2-79607F7A50B4}.Release|Any CPU.ActiveCfg = Release|Any CPU
		{7E3A1F4F-C2C8-47B3-9EC2-79607F7A50B4}.Release|Any CPU.Build.0 = Release|Any CPU
		{74A9A9CC-FE50-4188-B543-59CF60F6A806}.Debug|Any CPU.ActiveCfg = Debug|Any CPU
		{74A9A9CC-FE50-4188-B543-59CF60F6A806}.Debug|Any CPU.Build.0 = Debug|Any CPU
		{74A9A9CC-FE50-4188-B543-59CF60F6A806}.Release|Any CPU.ActiveCfg = Release|Any CPU
		{74A9A9CC-FE50-4188-B543-59CF60F6A806}.Release|Any CPU.Build.0 = Release|Any CPU
		{2FBD99EB-E80B-405F-8DC0-E8987054B31F}.Debug|Any CPU.ActiveCfg = Debug|Any CPU
		{2FBD99EB-E80B-405F-8DC0-E8987054B31F}.Debug|Any CPU.Build.0 = Debug|Any CPU
		{2FBD99EB-E80B-405F-8DC0-E8987054B31F}.Release|Any CPU.ActiveCfg = Release|Any CPU
		{2FBD99EB-E80B-405F-8DC0-E8987054B31F}.Release|Any CPU.Build.0 = Release|Any CPU
		{65587F8E-A021-4562-92CE-18C056B99CBB}.Debug|Any CPU.ActiveCfg = Debug|Any CPU
		{65587F8E-A021-4562-92CE-18C056B99CBB}.Debug|Any CPU.Build.0 = Debug|Any CPU
		{65587F8E-A021-4562-92CE-18C056B99CBB}.Release|Any CPU.ActiveCfg = Release|Any CPU
		{65587F8E-A021-4562-92CE-18C056B99CBB}.Release|Any CPU.Build.0 = Release|Any CPU
		{C72EE70E-C444-4610-A9C7-FA35E0E99740}.Debug|Any CPU.ActiveCfg = Debug|Any CPU
		{C72EE70E-C444-4610-A9C7-FA35E0E99740}.Debug|Any CPU.Build.0 = Debug|Any CPU
		{C72EE70E-C444-4610-A9C7-FA35E0E99740}.Release|Any CPU.ActiveCfg = Release|Any CPU
		{C72EE70E-C444-4610-A9C7-FA35E0E99740}.Release|Any CPU.Build.0 = Release|Any CPU
		{57EED39E-ABEE-40ED-B373-073F67050EC2}.Debug|Any CPU.ActiveCfg = Debug|Any CPU
		{57EED39E-ABEE-40ED-B373-073F67050EC2}.Debug|Any CPU.Build.0 = Debug|Any CPU
		{57EED39E-ABEE-40ED-B373-073F67050EC2}.Release|Any CPU.ActiveCfg = Release|Any CPU
		{57EED39E-ABEE-40ED-B373-073F67050EC2}.Release|Any CPU.Build.0 = Release|Any CPU
		{58ADCA58-AC47-4CD7-9DB3-5A33D0C0512E}.Debug|Any CPU.ActiveCfg = Debug|Any CPU
		{58ADCA58-AC47-4CD7-9DB3-5A33D0C0512E}.Debug|Any CPU.Build.0 = Debug|Any CPU
		{58ADCA58-AC47-4CD7-9DB3-5A33D0C0512E}.Release|Any CPU.ActiveCfg = Release|Any CPU
		{58ADCA58-AC47-4CD7-9DB3-5A33D0C0512E}.Release|Any CPU.Build.0 = Release|Any CPU
		{104CF170-CC0E-4B1E-AE24-27FBEB2D42E3}.Debug|Any CPU.ActiveCfg = Debug|Any CPU
		{104CF170-CC0E-4B1E-AE24-27FBEB2D42E3}.Debug|Any CPU.Build.0 = Debug|Any CPU
		{104CF170-CC0E-4B1E-AE24-27FBEB2D42E3}.Release|Any CPU.ActiveCfg = Release|Any CPU
		{104CF170-CC0E-4B1E-AE24-27FBEB2D42E3}.Release|Any CPU.Build.0 = Release|Any CPU
		{261596F9-409C-4950-80CC-47A2D7AEA6EC}.Debug|Any CPU.ActiveCfg = Debug|Any CPU
		{261596F9-409C-4950-80CC-47A2D7AEA6EC}.Debug|Any CPU.Build.0 = Debug|Any CPU
		{261596F9-409C-4950-80CC-47A2D7AEA6EC}.Release|Any CPU.ActiveCfg = Release|Any CPU
		{261596F9-409C-4950-80CC-47A2D7AEA6EC}.Release|Any CPU.Build.0 = Release|Any CPU
		{2A9088E4-B3C9-4612-8E71-A8530C98B8F2}.Debug|Any CPU.ActiveCfg = Debug|Any CPU
		{2A9088E4-B3C9-4612-8E71-A8530C98B8F2}.Debug|Any CPU.Build.0 = Debug|Any CPU
		{2A9088E4-B3C9-4612-8E71-A8530C98B8F2}.Release|Any CPU.ActiveCfg = Release|Any CPU
		{2A9088E4-B3C9-4612-8E71-A8530C98B8F2}.Release|Any CPU.Build.0 = Release|Any CPU
		{2FB66FCA-0A48-4494-B82C-8CAE5F6DD1B6}.Debug|Any CPU.ActiveCfg = Debug|Any CPU
		{2FB66FCA-0A48-4494-B82C-8CAE5F6DD1B6}.Debug|Any CPU.Build.0 = Debug|Any CPU
		{2FB66FCA-0A48-4494-B82C-8CAE5F6DD1B6}.Release|Any CPU.ActiveCfg = Release|Any CPU
		{2FB66FCA-0A48-4494-B82C-8CAE5F6DD1B6}.Release|Any CPU.Build.0 = Release|Any CPU
		{5B45989A-ED67-43BA-8015-D914838D3CA7}.Debug|Any CPU.ActiveCfg = Debug|Any CPU
		{5B45989A-ED67-43BA-8015-D914838D3CA7}.Debug|Any CPU.Build.0 = Debug|Any CPU
		{5B45989A-ED67-43BA-8015-D914838D3CA7}.Release|Any CPU.ActiveCfg = Release|Any CPU
		{5B45989A-ED67-43BA-8015-D914838D3CA7}.Release|Any CPU.Build.0 = Release|Any CPU
	EndGlobalSection
	GlobalSection(SolutionProperties) = preSolution
		HideSolutionNode = FALSE
	EndGlobalSection
	GlobalSection(NestedProjects) = preSolution
		{685C5DCF-878D-433B-ACB3-72DBBAB0B943} = {A07FE53E-02AD-413A-8FDA-6319536EA443}
		{30340D69-651F-43A1-8E85-143B1FD98782} = {685C5DCF-878D-433B-ACB3-72DBBAB0B943}
		{F88D7B92-8D17-448C-9D27-AE60A0077711} = {76DE272D-BB1C-4BEC-BC60-688CA1261387}
		{7E3A1F4F-C2C8-47B3-9EC2-79607F7A50B4} = {F88D7B92-8D17-448C-9D27-AE60A0077711}
		{2E5AF0D9-08E1-4068-BD1E-D3D6F34F8F62} = {59050F80-A4D3-471C-AFB2-65B475B2608D}
		{74A9A9CC-FE50-4188-B543-59CF60F6A806} = {2E5AF0D9-08E1-4068-BD1E-D3D6F34F8F62}
		{C9325D5F-3B72-4024-B52B-26DED9C71885} = {A07FE53E-02AD-413A-8FDA-6319536EA443}
		{9DAC9626-83C9-4C7E-BCCB-262B5B91E758} = {A07FE53E-02AD-413A-8FDA-6319536EA443}
		{45FBC830-CE83-4A99-A22C-BF6FD55F08AB} = {A07FE53E-02AD-413A-8FDA-6319536EA443}
		{C0E7ACD6-6091-45E0-BFEE-2947C6D8E84C} = {A07FE53E-02AD-413A-8FDA-6319536EA443}
		{08287166-307B-473C-8EC5-D45B95B198BE} = {A07FE53E-02AD-413A-8FDA-6319536EA443}
		{2FBD99EB-E80B-405F-8DC0-E8987054B31F} = {9DAC9626-83C9-4C7E-BCCB-262B5B91E758}
		{65587F8E-A021-4562-92CE-18C056B99CBB} = {C9325D5F-3B72-4024-B52B-26DED9C71885}
		{C72EE70E-C444-4610-A9C7-FA35E0E99740} = {C0E7ACD6-6091-45E0-BFEE-2947C6D8E84C}
		{57EED39E-ABEE-40ED-B373-073F67050EC2} = {45FBC830-CE83-4A99-A22C-BF6FD55F08AB}
		{25415848-1735-4E70-8E6D-563B53FFE149} = {59050F80-A4D3-471C-AFB2-65B475B2608D}
		{58ADCA58-AC47-4CD7-9DB3-5A33D0C0512E} = {25415848-1735-4E70-8E6D-563B53FFE149}
		{25299755-D792-4006-8321-26C6D7A713B1} = {59050F80-A4D3-471C-AFB2-65B475B2608D}
		{104CF170-CC0E-4B1E-AE24-27FBEB2D42E3} = {25299755-D792-4006-8321-26C6D7A713B1}
		{261596F9-409C-4950-80CC-47A2D7AEA6EC} = {08287166-307B-473C-8EC5-D45B95B198BE}
		{083158D5-50AA-43F5-821F-511AA6F3383B} = {49B86D7B-08DC-4FA0-98EE-AEBB482A29FA}
		{2A9088E4-B3C9-4612-8E71-A8530C98B8F2} = {083158D5-50AA-43F5-821F-511AA6F3383B}
		{2FB66FCA-0A48-4494-B82C-8CAE5F6DD1B6} = {C0E7ACD6-6091-45E0-BFEE-2947C6D8E84C}
		{5B45989A-ED67-43BA-8015-D914838D3CA7} = {C0E7ACD6-6091-45E0-BFEE-2947C6D8E84C}
	EndGlobalSection
	GlobalSection(ExtensibilityGlobals) = postSolution
		SolutionGuid = {2EBD51FA-50F6-4363-9092-EE3E013209FA}
	EndGlobalSection
EndGlobal
